
Microsoft Visual Studio Solution File, Format Version 12.00
# Visual Studio Version 17
VisualStudioVersion = 17.0.32014.148
MinimumVisualStudioVersion = 10.0.40219.1
Project("{FAE04EC0-301F-11D3-BF4B-00C04F79EFBC}") = "AdapterPattern", "AdapterPattern.csproj", "{633CC7E6-0B24-4DEF-88BB-616BF9040948}"
EndProject
Project("{FAE04EC0-301F-11D3-BF4B-00C04F79EFBC}") = "LegacyService", "..\LegacyService\LegacyService.csproj", "{7BDC12F0-6808-4935-A2E6-CF04B02BFA47}"
EndProject
Project("{FAE04EC0-301F-11D3-BF4B-00C04F79EFBC}") = "NewDomain", "..\NewDomain\NewDomain.csproj", "{6612AD5D-108D-47A0-9F10-19623E3708B3}"
EndProject
Global
	GlobalSection(SolutionConfigurationPlatforms) = preSolution
		Debug|Any CPU = Debug|Any CPU
		Release|Any CPU = Release|Any CPU
	EndGlobalSection
	GlobalSection(ProjectConfigurationPlatforms) = postSolution
		{633CC7E6-0B24-4DEF-88BB-616BF9040948}.Debug|Any CPU.ActiveCfg = Debug|Any CPU
		{633CC7E6-0B24-4DEF-88BB-616BF9040948}.Debug|Any CPU.Build.0 = Debug|Any CPU
		{633CC7E6-0B24-4DEF-88BB-616BF9040948}.Release|Any CPU.ActiveCfg = Release|Any CPU
		{633CC7E6-0B24-4DEF-88BB-616BF9040948}.Release|Any CPU.Build.0 = Release|Any CPU
		{7BDC12F0-6808-4935-A2E6-CF04B02BFA47}.Debug|Any CPU.ActiveCfg = Debug|Any CPU
		{7BDC12F0-6808-4935-A2E6-CF04B02BFA47}.Debug|Any CPU.Build.0 = Debug|Any CPU
		{7BDC12F0-6808-4935-A2E6-CF04B02BFA47}.Release|Any CPU.ActiveCfg = Release|Any CPU
		{7BDC12F0-6808-4935-A2E6-CF04B02BFA47}.Release|Any CPU.Build.0 = Release|Any CPU
		{6612AD5D-108D-47A0-9F10-19623E3708B3}.Debug|Any CPU.ActiveCfg = Debug|Any CPU
		{6612AD5D-108D-47A0-9F10-19623E3708B3}.Debug|Any CPU.Build.0 = Debug|Any CPU
		{6612AD5D-108D-47A0-9F10-19623E3708B3}.Release|Any CPU.ActiveCfg = Release|Any CPU
		{6612AD5D-108D-47A0-9F10-19623E3708B3}.Release|Any CPU.Build.0 = Release|Any CPU
	EndGlobalSection
	GlobalSection(SolutionProperties) = preSolution
		HideSolutionNode = FALSE
	EndGlobalSection
	GlobalSection(ExtensibilityGlobals) = postSolution
		SolutionGuid = {19B7D0FF-8475-416A-BC98-0AE1D8292363}
	EndGlobalSection
EndGlobal
